
Microsoft Visual Studio Solution File, Format Version 12.00
# Visual Studio 15
VisualStudioVersion = 15.0.28010.2003
MinimumVisualStudioVersion = 10.0.40219.1
Project("{2150E333-8FDC-42A3-9474-1A3956D46DE8}") = "Documentation", "Documentation", "{ADB62148-C341-4941-AB19-5C2EA22E9EFD}"
EndProject
Project("{2150E333-8FDC-42A3-9474-1A3956D46DE8}") = "Code Documentation", "Code Documentation", "{D8637D45-0292-4A03-A4DC-2CCF2529171C}"
	ProjectSection(SolutionItems) = preProject
		Documentation\CodeDocumentation\BuildNotes.txt = Documentation\CodeDocumentation\BuildNotes.txt
		Documentation\CodeDocumentation\CodeDoc.shfbproj = Documentation\CodeDocumentation\CodeDoc.shfbproj
	EndProjectSection
EndProject
Project("{2150E333-8FDC-42A3-9474-1A3956D46DE8}") = "User Documentation", "User Documentation", "{EED81E78-53CA-4EEE-9137-998B0C5B5D28}"
	ProjectSection(SolutionItems) = preProject
		Documentation\UserDocumentation\BuildNotes.txt = Documentation\UserDocumentation\BuildNotes.txt
	EndProjectSection
EndProject
Project("{F184B08F-C81C-45F6-A57F-5ABD9991F28F}") = "Aq-Dn", "aq-dn\Aq-Dn.vbproj", "{E4C3E066-79F6-4A0D-A070-D1492697C026}"
EndProject
Project("{F184B08F-C81C-45F6-A57F-5ABD9991F28F}") = "BatchTools", "BatchTools\BatchTools.vbproj", "{1023E1C5-E9D7-4D4A-A20B-7C12ACDE0284}"
EndProject
Project("{F184B08F-C81C-45F6-A57F-5ABD9991F28F}") = "ArcMapCommand", "ArcMapCommand\ArcMapCommand.vbproj", "{B938917B-F007-44FC-B469-58BC83D28361}"
	ProjectSection(ProjectDependencies) = postProject
		{E48A3F8A-3633-40B0-87B9-F8995F6800D0} = {E48A3F8A-3633-40B0-87B9-F8995F6800D0}
	EndProjectSection
EndProject
Project("{F184B08F-C81C-45F6-A57F-5ABD9991F28F}") = "AqDnWrapper", "AqDnWrapper\AqDnWrapper.vbproj", "{E48A3F8A-3633-40B0-87B9-F8995F6800D0}"
	ProjectSection(ProjectDependencies) = postProject
		{85412163-BC8F-4C88-970B-EFE00F1FF580} = {85412163-BC8F-4C88-970B-EFE00F1FF580}
	EndProjectSection
EndProject
Project("{F184B08F-C81C-45F6-A57F-5ABD9991F28F}") = "IAqDnApplication", "IAqDnApplication\IAqDnApplication.vbproj", "{85412163-BC8F-4C88-970B-EFE00F1FF580}"
EndProject
Project("{F184B08F-C81C-45F6-A57F-5ABD9991F28F}") = "AqDnWrapperBootstrapper", "AqDnWrapperBootstrapper\AqDnWrapperBootstrapper.vbproj", "{94857844-472D-4753-9F5F-32B8F7896470}"
EndProject
Project("{54435603-DBB4-11D2-8724-00A0C9A8B90C}") = "ArcNLET_1061", "ArcNLET_1061\ArcNLET_1061.vdproj", "{3571FD1C-C900-4771-902D-AADCB20BF245}"
EndProject
Project("{54435603-DBB4-11D2-8724-00A0C9A8B90C}") = "ArcNLET106_02242019", "ArcNLET106_02242019\ArcNLET106_02242019.vdproj", "{41F62B11-B86C-43AF-8E28-E3626F14FE0B}"
EndProject
Global
	GlobalSection(SolutionConfigurationPlatforms) = preSolution
		Arc10 (setup)|Any CPU = Arc10 (setup)|Any CPU
		Arc10 (setup)|x86 = Arc10 (setup)|x86
		Arc10.1|Any CPU = Arc10.1|Any CPU
		Arc10.1|x86 = Arc10.1|x86
		Arc10.2|Any CPU = Arc10.2|Any CPU
		Arc10.2|x86 = Arc10.2|x86
		Arc10|Any CPU = Arc10|Any CPU
		Arc10|x86 = Arc10|x86
		Arc9 (setup)|Any CPU = Arc9 (setup)|Any CPU
		Arc9 (setup)|x86 = Arc9 (setup)|x86
		Arc9|Any CPU = Arc9|Any CPU
		Arc9|x86 = Arc9|x86
		Debug|Any CPU = Debug|Any CPU
		Debug|x86 = Debug|x86
		mydebug-Arc10|Any CPU = mydebug-Arc10|Any CPU
		mydebug-Arc10|x86 = mydebug-Arc10|x86
		mydebug-Arc9|Any CPU = mydebug-Arc9|Any CPU
		mydebug-Arc9|x86 = mydebug-Arc9|x86
		mydebugC-Arc10|Any CPU = mydebugC-Arc10|Any CPU
		mydebugC-Arc10|x86 = mydebugC-Arc10|x86
		mydebugC-Arc9|Any CPU = mydebugC-Arc9|Any CPU
		mydebugC-Arc9|x86 = mydebugC-Arc9|x86
		Release|Any CPU = Release|Any CPU
		Release|x86 = Release|x86
	EndGlobalSection
	GlobalSection(ProjectConfigurationPlatforms) = postSolution
		{E4C3E066-79F6-4A0D-A070-D1492697C026}.Arc10 (setup)|Any CPU.ActiveCfg = Arc10|Any CPU
		{E4C3E066-79F6-4A0D-A070-D1492697C026}.Arc10 (setup)|Any CPU.Build.0 = Arc10|Any CPU
		{E4C3E066-79F6-4A0D-A070-D1492697C026}.Arc10 (setup)|x86.ActiveCfg = Arc10.1|x86
		{E4C3E066-79F6-4A0D-A070-D1492697C026}.Arc10 (setup)|x86.Build.0 = Arc10.1|x86
		{E4C3E066-79F6-4A0D-A070-D1492697C026}.Arc10.1|Any CPU.ActiveCfg = Arc10.1|Any CPU
		{E4C3E066-79F6-4A0D-A070-D1492697C026}.Arc10.1|Any CPU.Build.0 = Arc10.1|Any CPU
		{E4C3E066-79F6-4A0D-A070-D1492697C026}.Arc10.1|x86.ActiveCfg = Arc10.1|x86
		{E4C3E066-79F6-4A0D-A070-D1492697C026}.Arc10.1|x86.Build.0 = Arc10.1|x86
		{E4C3E066-79F6-4A0D-A070-D1492697C026}.Arc10.2|Any CPU.ActiveCfg = Arc10.2|Any CPU
		{E4C3E066-79F6-4A0D-A070-D1492697C026}.Arc10.2|Any CPU.Build.0 = Arc10.2|Any CPU
		{E4C3E066-79F6-4A0D-A070-D1492697C026}.Arc10.2|x86.ActiveCfg = Arc10.2|x86
		{E4C3E066-79F6-4A0D-A070-D1492697C026}.Arc10.2|x86.Build.0 = Arc10.2|x86
		{E4C3E066-79F6-4A0D-A070-D1492697C026}.Arc10|Any CPU.ActiveCfg = Arc10|Any CPU
		{E4C3E066-79F6-4A0D-A070-D1492697C026}.Arc10|Any CPU.Build.0 = Arc10|Any CPU
		{E4C3E066-79F6-4A0D-A070-D1492697C026}.Arc10|x86.ActiveCfg = Arc10|x86
		{E4C3E066-79F6-4A0D-A070-D1492697C026}.Arc10|x86.Build.0 = Arc10|x86
		{E4C3E066-79F6-4A0D-A070-D1492697C026}.Arc9 (setup)|Any CPU.ActiveCfg = Arc9|Any CPU
		{E4C3E066-79F6-4A0D-A070-D1492697C026}.Arc9 (setup)|Any CPU.Build.0 = Arc9|Any CPU
		{E4C3E066-79F6-4A0D-A070-D1492697C026}.Arc9 (setup)|x86.ActiveCfg = Arc9|x86
		{E4C3E066-79F6-4A0D-A070-D1492697C026}.Arc9 (setup)|x86.Build.0 = Arc9|x86
		{E4C3E066-79F6-4A0D-A070-D1492697C026}.Arc9|Any CPU.ActiveCfg = Arc9|Any CPU
		{E4C3E066-79F6-4A0D-A070-D1492697C026}.Arc9|Any CPU.Build.0 = Arc9|Any CPU
		{E4C3E066-79F6-4A0D-A070-D1492697C026}.Arc9|x86.ActiveCfg = Arc9|x86
		{E4C3E066-79F6-4A0D-A070-D1492697C026}.Arc9|x86.Build.0 = Arc9|x86
		{E4C3E066-79F6-4A0D-A070-D1492697C026}.Debug|Any CPU.ActiveCfg = mydebug-Arc10|Any CPU
		{E4C3E066-79F6-4A0D-A070-D1492697C026}.Debug|Any CPU.Build.0 = mydebug-Arc10|Any CPU
		{E4C3E066-79F6-4A0D-A070-D1492697C026}.Debug|x86.ActiveCfg = Arc9|x86
		{E4C3E066-79F6-4A0D-A070-D1492697C026}.Debug|x86.Build.0 = Arc9|x86
		{E4C3E066-79F6-4A0D-A070-D1492697C026}.mydebug-Arc10|Any CPU.ActiveCfg = mydebug-Arc10|Any CPU
		{E4C3E066-79F6-4A0D-A070-D1492697C026}.mydebug-Arc10|Any CPU.Build.0 = mydebug-Arc10|Any CPU
		{E4C3E066-79F6-4A0D-A070-D1492697C026}.mydebug-Arc10|x86.ActiveCfg = mydebug-Arc10|x86
		{E4C3E066-79F6-4A0D-A070-D1492697C026}.mydebug-Arc10|x86.Build.0 = mydebug-Arc10|x86
		{E4C3E066-79F6-4A0D-A070-D1492697C026}.mydebug-Arc9|Any CPU.ActiveCfg = mydebug-Arc9|Any CPU
		{E4C3E066-79F6-4A0D-A070-D1492697C026}.mydebug-Arc9|Any CPU.Build.0 = mydebug-Arc9|Any CPU
		{E4C3E066-79F6-4A0D-A070-D1492697C026}.mydebug-Arc9|x86.ActiveCfg = mydebug-Arc9|x86
		{E4C3E066-79F6-4A0D-A070-D1492697C026}.mydebug-Arc9|x86.Build.0 = mydebug-Arc9|x86
		{E4C3E066-79F6-4A0D-A070-D1492697C026}.mydebugC-Arc10|Any CPU.ActiveCfg = mydebug-Arc10|Any CPU
		{E4C3E066-79F6-4A0D-A070-D1492697C026}.mydebugC-Arc10|Any CPU.Build.0 = mydebug-Arc10|Any CPU
		{E4C3E066-79F6-4A0D-A070-D1492697C026}.mydebugC-Arc10|x86.ActiveCfg = Arc10|x86
		{E4C3E066-79F6-4A0D-A070-D1492697C026}.mydebugC-Arc10|x86.Build.0 = Arc10|x86
		{E4C3E066-79F6-4A0D-A070-D1492697C026}.mydebugC-Arc9|Any CPU.ActiveCfg = mydebug-Arc9|Any CPU
		{E4C3E066-79F6-4A0D-A070-D1492697C026}.mydebugC-Arc9|Any CPU.Build.0 = mydebug-Arc9|Any CPU
		{E4C3E066-79F6-4A0D-A070-D1492697C026}.mydebugC-Arc9|x86.ActiveCfg = Arc9|x86
		{E4C3E066-79F6-4A0D-A070-D1492697C026}.mydebugC-Arc9|x86.Build.0 = Arc9|x86
		{E4C3E066-79F6-4A0D-A070-D1492697C026}.Release|Any CPU.ActiveCfg = Release|Any CPU
		{E4C3E066-79F6-4A0D-A070-D1492697C026}.Release|Any CPU.Build.0 = Release|Any CPU
		{E4C3E066-79F6-4A0D-A070-D1492697C026}.Release|x86.ActiveCfg = Arc10.1|x86
		{E4C3E066-79F6-4A0D-A070-D1492697C026}.Release|x86.Build.0 = Arc10.1|x86
		{1023E1C5-E9D7-4D4A-A20B-7C12ACDE0284}.Arc10 (setup)|Any CPU.ActiveCfg = Arc10|Any CPU
		{1023E1C5-E9D7-4D4A-A20B-7C12ACDE0284}.Arc10 (setup)|Any CPU.Build.0 = Arc10|Any CPU
		{1023E1C5-E9D7-4D4A-A20B-7C12ACDE0284}.Arc10 (setup)|x86.ActiveCfg = Arc10.1|x86
		{1023E1C5-E9D7-4D4A-A20B-7C12ACDE0284}.Arc10 (setup)|x86.Build.0 = Arc10.1|x86
		{1023E1C5-E9D7-4D4A-A20B-7C12ACDE0284}.Arc10.1|Any CPU.ActiveCfg = Arc10.1|Any CPU
		{1023E1C5-E9D7-4D4A-A20B-7C12ACDE0284}.Arc10.1|Any CPU.Build.0 = Arc10.1|Any CPU
		{1023E1C5-E9D7-4D4A-A20B-7C12ACDE0284}.Arc10.1|x86.ActiveCfg = Arc10.1|x86
		{1023E1C5-E9D7-4D4A-A20B-7C12ACDE0284}.Arc10.1|x86.Build.0 = Arc10.1|x86
		{1023E1C5-E9D7-4D4A-A20B-7C12ACDE0284}.Arc10.2|Any CPU.ActiveCfg = Arc10.2|Any CPU
		{1023E1C5-E9D7-4D4A-A20B-7C12ACDE0284}.Arc10.2|Any CPU.Build.0 = Arc10.2|Any CPU
		{1023E1C5-E9D7-4D4A-A20B-7C12ACDE0284}.Arc10.2|x86.ActiveCfg = Arc10.2|x86
		{1023E1C5-E9D7-4D4A-A20B-7C12ACDE0284}.Arc10.2|x86.Build.0 = Arc10.2|x86
		{1023E1C5-E9D7-4D4A-A20B-7C12ACDE0284}.Arc10|Any CPU.ActiveCfg = Arc10|Any CPU
		{1023E1C5-E9D7-4D4A-A20B-7C12ACDE0284}.Arc10|Any CPU.Build.0 = Arc10|Any CPU
		{1023E1C5-E9D7-4D4A-A20B-7C12ACDE0284}.Arc10|x86.ActiveCfg = Arc10|x86
		{1023E1C5-E9D7-4D4A-A20B-7C12ACDE0284}.Arc10|x86.Build.0 = Arc10|x86
		{1023E1C5-E9D7-4D4A-A20B-7C12ACDE0284}.Arc9 (setup)|Any CPU.ActiveCfg = Arc9|Any CPU
		{1023E1C5-E9D7-4D4A-A20B-7C12ACDE0284}.Arc9 (setup)|Any CPU.Build.0 = Arc9|Any CPU
		{1023E1C5-E9D7-4D4A-A20B-7C12ACDE0284}.Arc9 (setup)|x86.ActiveCfg = Arc9|x86
		{1023E1C5-E9D7-4D4A-A20B-7C12ACDE0284}.Arc9 (setup)|x86.Build.0 = Arc9|x86
		{1023E1C5-E9D7-4D4A-A20B-7C12ACDE0284}.Arc9|Any CPU.ActiveCfg = Arc9|Any CPU
		{1023E1C5-E9D7-4D4A-A20B-7C12ACDE0284}.Arc9|Any CPU.Build.0 = Arc9|Any CPU
		{1023E1C5-E9D7-4D4A-A20B-7C12ACDE0284}.Arc9|x86.ActiveCfg = Arc9|x86
		{1023E1C5-E9D7-4D4A-A20B-7C12ACDE0284}.Arc9|x86.Build.0 = Arc9|x86
		{1023E1C5-E9D7-4D4A-A20B-7C12ACDE0284}.Debug|Any CPU.ActiveCfg = mydebug-Arc10|Any CPU
		{1023E1C5-E9D7-4D4A-A20B-7C12ACDE0284}.Debug|Any CPU.Build.0 = mydebug-Arc10|Any CPU
		{1023E1C5-E9D7-4D4A-A20B-7C12ACDE0284}.Debug|x86.ActiveCfg = Arc10.1|x86
		{1023E1C5-E9D7-4D4A-A20B-7C12ACDE0284}.Debug|x86.Build.0 = Arc10.1|x86
		{1023E1C5-E9D7-4D4A-A20B-7C12ACDE0284}.mydebug-Arc10|Any CPU.ActiveCfg = mydebug-Arc10|Any CPU
		{1023E1C5-E9D7-4D4A-A20B-7C12ACDE0284}.mydebug-Arc10|Any CPU.Build.0 = mydebug-Arc10|Any CPU
		{1023E1C5-E9D7-4D4A-A20B-7C12ACDE0284}.mydebug-Arc10|x86.ActiveCfg = mydebug-Arc10|x86
		{1023E1C5-E9D7-4D4A-A20B-7C12ACDE0284}.mydebug-Arc10|x86.Build.0 = mydebug-Arc10|x86
		{1023E1C5-E9D7-4D4A-A20B-7C12ACDE0284}.mydebug-Arc9|Any CPU.ActiveCfg = mydebug-Arc9|Any CPU
		{1023E1C5-E9D7-4D4A-A20B-7C12ACDE0284}.mydebug-Arc9|Any CPU.Build.0 = mydebug-Arc9|Any CPU
		{1023E1C5-E9D7-4D4A-A20B-7C12ACDE0284}.mydebug-Arc9|x86.ActiveCfg = mydebug-Arc9|x86
		{1023E1C5-E9D7-4D4A-A20B-7C12ACDE0284}.mydebug-Arc9|x86.Build.0 = mydebug-Arc9|x86
		{1023E1C5-E9D7-4D4A-A20B-7C12ACDE0284}.mydebugC-Arc10|Any CPU.ActiveCfg = mydebugC-Arc10|Any CPU
		{1023E1C5-E9D7-4D4A-A20B-7C12ACDE0284}.mydebugC-Arc10|Any CPU.Build.0 = mydebugC-Arc10|Any CPU
		{1023E1C5-E9D7-4D4A-A20B-7C12ACDE0284}.mydebugC-Arc10|x86.ActiveCfg = mydebugC-Arc10|x86
		{1023E1C5-E9D7-4D4A-A20B-7C12ACDE0284}.mydebugC-Arc10|x86.Build.0 = mydebugC-Arc10|x86
		{1023E1C5-E9D7-4D4A-A20B-7C12ACDE0284}.mydebugC-Arc9|Any CPU.ActiveCfg = mydebugC-Arc9|Any CPU
		{1023E1C5-E9D7-4D4A-A20B-7C12ACDE0284}.mydebugC-Arc9|Any CPU.Build.0 = mydebugC-Arc9|Any CPU
		{1023E1C5-E9D7-4D4A-A20B-7C12ACDE0284}.mydebugC-Arc9|x86.ActiveCfg = mydebugC-Arc9|x86
		{1023E1C5-E9D7-4D4A-A20B-7C12ACDE0284}.mydebugC-Arc9|x86.Build.0 = mydebugC-Arc9|x86
		{1023E1C5-E9D7-4D4A-A20B-7C12ACDE0284}.Release|Any CPU.ActiveCfg = Release|Any CPU
		{1023E1C5-E9D7-4D4A-A20B-7C12ACDE0284}.Release|Any CPU.Build.0 = Release|Any CPU
		{1023E1C5-E9D7-4D4A-A20B-7C12ACDE0284}.Release|x86.ActiveCfg = Arc10.1|x86
		{1023E1C5-E9D7-4D4A-A20B-7C12ACDE0284}.Release|x86.Build.0 = Arc10.1|x86
		{B938917B-F007-44FC-B469-58BC83D28361}.Arc10 (setup)|Any CPU.ActiveCfg = Arc10|Any CPU
		{B938917B-F007-44FC-B469-58BC83D28361}.Arc10 (setup)|Any CPU.Build.0 = Arc10|Any CPU
		{B938917B-F007-44FC-B469-58BC83D28361}.Arc10 (setup)|x86.ActiveCfg = Arc10.1|x86
		{B938917B-F007-44FC-B469-58BC83D28361}.Arc10 (setup)|x86.Build.0 = Arc10.1|x86
		{B938917B-F007-44FC-B469-58BC83D28361}.Arc10.1|Any CPU.ActiveCfg = Arc10.1|Any CPU
		{B938917B-F007-44FC-B469-58BC83D28361}.Arc10.1|Any CPU.Build.0 = Arc10.1|Any CPU
		{B938917B-F007-44FC-B469-58BC83D28361}.Arc10.1|x86.ActiveCfg = Arc10.1|x86
		{B938917B-F007-44FC-B469-58BC83D28361}.Arc10.1|x86.Build.0 = Arc10.1|x86
		{B938917B-F007-44FC-B469-58BC83D28361}.Arc10.2|Any CPU.ActiveCfg = Arc10.2|Any CPU
		{B938917B-F007-44FC-B469-58BC83D28361}.Arc10.2|Any CPU.Build.0 = Arc10.2|Any CPU
		{B938917B-F007-44FC-B469-58BC83D28361}.Arc10.2|x86.ActiveCfg = Arc10.2|x86
		{B938917B-F007-44FC-B469-58BC83D28361}.Arc10.2|x86.Build.0 = Arc10.2|x86
		{B938917B-F007-44FC-B469-58BC83D28361}.Arc10|Any CPU.ActiveCfg = Arc10|Any CPU
		{B938917B-F007-44FC-B469-58BC83D28361}.Arc10|Any CPU.Build.0 = Arc10|Any CPU
		{B938917B-F007-44FC-B469-58BC83D28361}.Arc10|x86.ActiveCfg = Arc10|x86
		{B938917B-F007-44FC-B469-58BC83D28361}.Arc10|x86.Build.0 = Arc10|x86
		{B938917B-F007-44FC-B469-58BC83D28361}.Arc9 (setup)|Any CPU.ActiveCfg = Arc9|Any CPU
		{B938917B-F007-44FC-B469-58BC83D28361}.Arc9 (setup)|Any CPU.Build.0 = Arc9|Any CPU
		{B938917B-F007-44FC-B469-58BC83D28361}.Arc9 (setup)|x86.ActiveCfg = Arc9|x86
		{B938917B-F007-44FC-B469-58BC83D28361}.Arc9 (setup)|x86.Build.0 = Arc9|x86
		{B938917B-F007-44FC-B469-58BC83D28361}.Arc9|Any CPU.ActiveCfg = Arc9|Any CPU
		{B938917B-F007-44FC-B469-58BC83D28361}.Arc9|Any CPU.Build.0 = Arc9|Any CPU
		{B938917B-F007-44FC-B469-58BC83D28361}.Arc9|x86.ActiveCfg = Arc9|x86
		{B938917B-F007-44FC-B469-58BC83D28361}.Arc9|x86.Build.0 = Arc9|x86
		{B938917B-F007-44FC-B469-58BC83D28361}.Debug|Any CPU.ActiveCfg = mydebug-Arc10|Any CPU
		{B938917B-F007-44FC-B469-58BC83D28361}.Debug|Any CPU.Build.0 = mydebug-Arc10|Any CPU
		{B938917B-F007-44FC-B469-58BC83D28361}.Debug|x86.ActiveCfg = Arc10.1|x86
		{B938917B-F007-44FC-B469-58BC83D28361}.Debug|x86.Build.0 = Arc10.1|x86
		{B938917B-F007-44FC-B469-58BC83D28361}.mydebug-Arc10|Any CPU.ActiveCfg = mydebug-Arc10|Any CPU
		{B938917B-F007-44FC-B469-58BC83D28361}.mydebug-Arc10|Any CPU.Build.0 = mydebug-Arc10|Any CPU
		{B938917B-F007-44FC-B469-58BC83D28361}.mydebug-Arc10|x86.ActiveCfg = mydebug-Arc10|x86
		{B938917B-F007-44FC-B469-58BC83D28361}.mydebug-Arc10|x86.Build.0 = mydebug-Arc10|x86
		{B938917B-F007-44FC-B469-58BC83D28361}.mydebug-Arc9|Any CPU.ActiveCfg = mydebug-Arc9|Any CPU
		{B938917B-F007-44FC-B469-58BC83D28361}.mydebug-Arc9|Any CPU.Build.0 = mydebug-Arc9|Any CPU
		{B938917B-F007-44FC-B469-58BC83D28361}.mydebug-Arc9|x86.ActiveCfg = mydebug-Arc9|x86
		{B938917B-F007-44FC-B469-58BC83D28361}.mydebug-Arc9|x86.Build.0 = mydebug-Arc9|x86
		{B938917B-F007-44FC-B469-58BC83D28361}.mydebugC-Arc10|Any CPU.ActiveCfg = mydebug-Arc10|Any CPU
		{B938917B-F007-44FC-B469-58BC83D28361}.mydebugC-Arc10|Any CPU.Build.0 = mydebug-Arc10|Any CPU
		{B938917B-F007-44FC-B469-58BC83D28361}.mydebugC-Arc10|x86.ActiveCfg = Arc10|x86
		{B938917B-F007-44FC-B469-58BC83D28361}.mydebugC-Arc10|x86.Build.0 = Arc10|x86
		{B938917B-F007-44FC-B469-58BC83D28361}.mydebugC-Arc9|Any CPU.ActiveCfg = mydebug-Arc9|Any CPU
		{B938917B-F007-44FC-B469-58BC83D28361}.mydebugC-Arc9|Any CPU.Build.0 = mydebug-Arc9|Any CPU
		{B938917B-F007-44FC-B469-58BC83D28361}.mydebugC-Arc9|x86.ActiveCfg = Arc9|x86
		{B938917B-F007-44FC-B469-58BC83D28361}.mydebugC-Arc9|x86.Build.0 = Arc9|x86
		{B938917B-F007-44FC-B469-58BC83D28361}.Release|Any CPU.ActiveCfg = Release|Any CPU
		{B938917B-F007-44FC-B469-58BC83D28361}.Release|Any CPU.Build.0 = Release|Any CPU
		{B938917B-F007-44FC-B469-58BC83D28361}.Release|x86.ActiveCfg = Arc10.1|x86
		{B938917B-F007-44FC-B469-58BC83D28361}.Release|x86.Build.0 = Arc10.1|x86
		{E48A3F8A-3633-40B0-87B9-F8995F6800D0}.Arc10 (setup)|Any CPU.ActiveCfg = Arc10|Any CPU
		{E48A3F8A-3633-40B0-87B9-F8995F6800D0}.Arc10 (setup)|Any CPU.Build.0 = Arc10|Any CPU
		{E48A3F8A-3633-40B0-87B9-F8995F6800D0}.Arc10 (setup)|x86.ActiveCfg = Arc10.1|x86
		{E48A3F8A-3633-40B0-87B9-F8995F6800D0}.Arc10 (setup)|x86.Build.0 = Arc10.1|x86
		{E48A3F8A-3633-40B0-87B9-F8995F6800D0}.Arc10.1|Any CPU.ActiveCfg = Arc10.1|Any CPU
		{E48A3F8A-3633-40B0-87B9-F8995F6800D0}.Arc10.1|Any CPU.Build.0 = Arc10.1|Any CPU
		{E48A3F8A-3633-40B0-87B9-F8995F6800D0}.Arc10.1|x86.ActiveCfg = Arc10.1|x86
		{E48A3F8A-3633-40B0-87B9-F8995F6800D0}.Arc10.1|x86.Build.0 = Arc10.1|x86
		{E48A3F8A-3633-40B0-87B9-F8995F6800D0}.Arc10.2|Any CPU.ActiveCfg = Arc10.2|Any CPU
		{E48A3F8A-3633-40B0-87B9-F8995F6800D0}.Arc10.2|Any CPU.Build.0 = Arc10.2|Any CPU
		{E48A3F8A-3633-40B0-87B9-F8995F6800D0}.Arc10.2|x86.ActiveCfg = Arc10.2|x86
		{E48A3F8A-3633-40B0-87B9-F8995F6800D0}.Arc10.2|x86.Build.0 = Arc10.2|x86
		{E48A3F8A-3633-40B0-87B9-F8995F6800D0}.Arc10|Any CPU.ActiveCfg = Arc10|Any CPU
		{E48A3F8A-3633-40B0-87B9-F8995F6800D0}.Arc10|Any CPU.Build.0 = Arc10|Any CPU
		{E48A3F8A-3633-40B0-87B9-F8995F6800D0}.Arc10|x86.ActiveCfg = Arc10|x86
		{E48A3F8A-3633-40B0-87B9-F8995F6800D0}.Arc10|x86.Build.0 = Arc10|x86
		{E48A3F8A-3633-40B0-87B9-F8995F6800D0}.Arc9 (setup)|Any CPU.ActiveCfg = Arc9|Any CPU
		{E48A3F8A-3633-40B0-87B9-F8995F6800D0}.Arc9 (setup)|Any CPU.Build.0 = Arc9|Any CPU
		{E48A3F8A-3633-40B0-87B9-F8995F6800D0}.Arc9 (setup)|x86.ActiveCfg = Arc9|x86
		{E48A3F8A-3633-40B0-87B9-F8995F6800D0}.Arc9 (setup)|x86.Build.0 = Arc9|x86
		{E48A3F8A-3633-40B0-87B9-F8995F6800D0}.Arc9|Any CPU.ActiveCfg = Arc9|Any CPU
		{E48A3F8A-3633-40B0-87B9-F8995F6800D0}.Arc9|Any CPU.Build.0 = Arc9|Any CPU
		{E48A3F8A-3633-40B0-87B9-F8995F6800D0}.Arc9|x86.ActiveCfg = Arc9|x86
		{E48A3F8A-3633-40B0-87B9-F8995F6800D0}.Arc9|x86.Build.0 = Arc9|x86
		{E48A3F8A-3633-40B0-87B9-F8995F6800D0}.Debug|Any CPU.ActiveCfg = mydebug-Arc10|Any CPU
		{E48A3F8A-3633-40B0-87B9-F8995F6800D0}.Debug|Any CPU.Build.0 = mydebug-Arc10|Any CPU
		{E48A3F8A-3633-40B0-87B9-F8995F6800D0}.Debug|x86.ActiveCfg = Arc10.1|x86
		{E48A3F8A-3633-40B0-87B9-F8995F6800D0}.Debug|x86.Build.0 = Arc10.1|x86
		{E48A3F8A-3633-40B0-87B9-F8995F6800D0}.mydebug-Arc10|Any CPU.ActiveCfg = mydebug-Arc10|Any CPU
		{E48A3F8A-3633-40B0-87B9-F8995F6800D0}.mydebug-Arc10|Any CPU.Build.0 = mydebug-Arc10|Any CPU
		{E48A3F8A-3633-40B0-87B9-F8995F6800D0}.mydebug-Arc10|x86.ActiveCfg = mydebug-Arc10|x86
		{E48A3F8A-3633-40B0-87B9-F8995F6800D0}.mydebug-Arc10|x86.Build.0 = mydebug-Arc10|x86
		{E48A3F8A-3633-40B0-87B9-F8995F6800D0}.mydebug-Arc9|Any CPU.ActiveCfg = mydebug-Arc9|Any CPU
		{E48A3F8A-3633-40B0-87B9-F8995F6800D0}.mydebug-Arc9|Any CPU.Build.0 = mydebug-Arc9|Any CPU
		{E48A3F8A-3633-40B0-87B9-F8995F6800D0}.mydebug-Arc9|x86.ActiveCfg = mydebug-Arc9|x86
		{E48A3F8A-3633-40B0-87B9-F8995F6800D0}.mydebug-Arc9|x86.Build.0 = mydebug-Arc9|x86
		{E48A3F8A-3633-40B0-87B9-F8995F6800D0}.mydebugC-Arc10|Any CPU.ActiveCfg = mydebug-Arc10|Any CPU
		{E48A3F8A-3633-40B0-87B9-F8995F6800D0}.mydebugC-Arc10|Any CPU.Build.0 = mydebug-Arc10|Any CPU
		{E48A3F8A-3633-40B0-87B9-F8995F6800D0}.mydebugC-Arc10|x86.ActiveCfg = Arc10|x86
		{E48A3F8A-3633-40B0-87B9-F8995F6800D0}.mydebugC-Arc10|x86.Build.0 = Arc10|x86
		{E48A3F8A-3633-40B0-87B9-F8995F6800D0}.mydebugC-Arc9|Any CPU.ActiveCfg = mydebug-Arc9|Any CPU
		{E48A3F8A-3633-40B0-87B9-F8995F6800D0}.mydebugC-Arc9|Any CPU.Build.0 = mydebug-Arc9|Any CPU
		{E48A3F8A-3633-40B0-87B9-F8995F6800D0}.mydebugC-Arc9|x86.ActiveCfg = Arc9|x86
		{E48A3F8A-3633-40B0-87B9-F8995F6800D0}.mydebugC-Arc9|x86.Build.0 = Arc9|x86
		{E48A3F8A-3633-40B0-87B9-F8995F6800D0}.Release|Any CPU.ActiveCfg = Release|Any CPU
		{E48A3F8A-3633-40B0-87B9-F8995F6800D0}.Release|Any CPU.Build.0 = Release|Any CPU
		{E48A3F8A-3633-40B0-87B9-F8995F6800D0}.Release|x86.ActiveCfg = Arc10.1|x86
		{E48A3F8A-3633-40B0-87B9-F8995F6800D0}.Release|x86.Build.0 = Arc10.1|x86
		{85412163-BC8F-4C88-970B-EFE00F1FF580}.Arc10 (setup)|Any CPU.ActiveCfg = Arc10|Any CPU
		{85412163-BC8F-4C88-970B-EFE00F1FF580}.Arc10 (setup)|Any CPU.Build.0 = Arc10|Any CPU
		{85412163-BC8F-4C88-970B-EFE00F1FF580}.Arc10 (setup)|x86.ActiveCfg = Arc10.1|x86
		{85412163-BC8F-4C88-970B-EFE00F1FF580}.Arc10 (setup)|x86.Build.0 = Arc10.1|x86
		{85412163-BC8F-4C88-970B-EFE00F1FF580}.Arc10.1|Any CPU.ActiveCfg = Arc10.1|Any CPU
		{85412163-BC8F-4C88-970B-EFE00F1FF580}.Arc10.1|Any CPU.Build.0 = Arc10.1|Any CPU
		{85412163-BC8F-4C88-970B-EFE00F1FF580}.Arc10.1|x86.ActiveCfg = Arc10.1|x86
		{85412163-BC8F-4C88-970B-EFE00F1FF580}.Arc10.1|x86.Build.0 = Arc10.1|x86
		{85412163-BC8F-4C88-970B-EFE00F1FF580}.Arc10.2|Any CPU.ActiveCfg = Arc10.2|Any CPU
		{85412163-BC8F-4C88-970B-EFE00F1FF580}.Arc10.2|Any CPU.Build.0 = Arc10.2|Any CPU
		{85412163-BC8F-4C88-970B-EFE00F1FF580}.Arc10.2|x86.ActiveCfg = Arc10.2|x86
		{85412163-BC8F-4C88-970B-EFE00F1FF580}.Arc10.2|x86.Build.0 = Arc10.2|x86
		{85412163-BC8F-4C88-970B-EFE00F1FF580}.Arc10|Any CPU.ActiveCfg = Arc10|Any CPU
		{85412163-BC8F-4C88-970B-EFE00F1FF580}.Arc10|Any CPU.Build.0 = Arc10|Any CPU
		{85412163-BC8F-4C88-970B-EFE00F1FF580}.Arc10|x86.ActiveCfg = Arc10|x86
		{85412163-BC8F-4C88-970B-EFE00F1FF580}.Arc10|x86.Build.0 = Arc10|x86
		{85412163-BC8F-4C88-970B-EFE00F1FF580}.Arc9 (setup)|Any CPU.ActiveCfg = Arc9|Any CPU
		{85412163-BC8F-4C88-970B-EFE00F1FF580}.Arc9 (setup)|Any CPU.Build.0 = Arc9|Any CPU
		{85412163-BC8F-4C88-970B-EFE00F1FF580}.Arc9 (setup)|x86.ActiveCfg = Arc9|x86
		{85412163-BC8F-4C88-970B-EFE00F1FF580}.Arc9 (setup)|x86.Build.0 = Arc9|x86
		{85412163-BC8F-4C88-970B-EFE00F1FF580}.Arc9|Any CPU.ActiveCfg = Arc9|Any CPU
		{85412163-BC8F-4C88-970B-EFE00F1FF580}.Arc9|Any CPU.Build.0 = Arc9|Any CPU
		{85412163-BC8F-4C88-970B-EFE00F1FF580}.Arc9|x86.ActiveCfg = Arc9|x86
		{85412163-BC8F-4C88-970B-EFE00F1FF580}.Arc9|x86.Build.0 = Arc9|x86
		{85412163-BC8F-4C88-970B-EFE00F1FF580}.Debug|Any CPU.ActiveCfg = mydebug-Arc10|Any CPU
		{85412163-BC8F-4C88-970B-EFE00F1FF580}.Debug|Any CPU.Build.0 = mydebug-Arc10|Any CPU
		{85412163-BC8F-4C88-970B-EFE00F1FF580}.Debug|x86.ActiveCfg = Arc10.1|x86
		{85412163-BC8F-4C88-970B-EFE00F1FF580}.Debug|x86.Build.0 = Arc10.1|x86
		{85412163-BC8F-4C88-970B-EFE00F1FF580}.mydebug-Arc10|Any CPU.ActiveCfg = mydebug-Arc10|Any CPU
		{85412163-BC8F-4C88-970B-EFE00F1FF580}.mydebug-Arc10|Any CPU.Build.0 = mydebug-Arc10|Any CPU
		{85412163-BC8F-4C88-970B-EFE00F1FF580}.mydebug-Arc10|x86.ActiveCfg = mydebug-Arc10|x86
		{85412163-BC8F-4C88-970B-EFE00F1FF580}.mydebug-Arc10|x86.Build.0 = mydebug-Arc10|x86
		{85412163-BC8F-4C88-970B-EFE00F1FF580}.mydebug-Arc9|Any CPU.ActiveCfg = mydebug-Arc9|Any CPU
		{85412163-BC8F-4C88-970B-EFE00F1FF580}.mydebug-Arc9|Any CPU.Build.0 = mydebug-Arc9|Any CPU
		{85412163-BC8F-4C88-970B-EFE00F1FF580}.mydebug-Arc9|x86.ActiveCfg = mydebug-Arc9|x86
		{85412163-BC8F-4C88-970B-EFE00F1FF580}.mydebug-Arc9|x86.Build.0 = mydebug-Arc9|x86
		{85412163-BC8F-4C88-970B-EFE00F1FF580}.mydebugC-Arc10|Any CPU.ActiveCfg = mydebug-Arc10|Any CPU
		{85412163-BC8F-4C88-970B-EFE00F1FF580}.mydebugC-Arc10|Any CPU.Build.0 = mydebug-Arc10|Any CPU
		{85412163-BC8F-4C88-970B-EFE00F1FF580}.mydebugC-Arc10|x86.ActiveCfg = Arc10|x86
		{85412163-BC8F-4C88-970B-EFE00F1FF580}.mydebugC-Arc10|x86.Build.0 = Arc10|x86
		{85412163-BC8F-4C88-970B-EFE00F1FF580}.mydebugC-Arc9|Any CPU.ActiveCfg = mydebug-Arc9|Any CPU
		{85412163-BC8F-4C88-970B-EFE00F1FF580}.mydebugC-Arc9|Any CPU.Build.0 = mydebug-Arc9|Any CPU
		{85412163-BC8F-4C88-970B-EFE00F1FF580}.mydebugC-Arc9|x86.ActiveCfg = Arc9|x86
		{85412163-BC8F-4C88-970B-EFE00F1FF580}.mydebugC-Arc9|x86.Build.0 = Arc9|x86
		{85412163-BC8F-4C88-970B-EFE00F1FF580}.Release|Any CPU.ActiveCfg = Release|Any CPU
		{85412163-BC8F-4C88-970B-EFE00F1FF580}.Release|Any CPU.Build.0 = Release|Any CPU
		{85412163-BC8F-4C88-970B-EFE00F1FF580}.Release|x86.ActiveCfg = Arc10.1|x86
		{85412163-BC8F-4C88-970B-EFE00F1FF580}.Release|x86.Build.0 = Arc10.1|x86
		{94857844-472D-4753-9F5F-32B8F7896470}.Arc10 (setup)|Any CPU.ActiveCfg = Arc10|Any CPU
		{94857844-472D-4753-9F5F-32B8F7896470}.Arc10 (setup)|Any CPU.Build.0 = Arc10|Any CPU
		{94857844-472D-4753-9F5F-32B8F7896470}.Arc10 (setup)|x86.ActiveCfg = Arc10.1|x86
		{94857844-472D-4753-9F5F-32B8F7896470}.Arc10 (setup)|x86.Build.0 = Arc10.1|x86
		{94857844-472D-4753-9F5F-32B8F7896470}.Arc10.1|Any CPU.ActiveCfg = Arc10.1|Any CPU
		{94857844-472D-4753-9F5F-32B8F7896470}.Arc10.1|Any CPU.Build.0 = Arc10.1|Any CPU
		{94857844-472D-4753-9F5F-32B8F7896470}.Arc10.1|x86.ActiveCfg = Arc10.1|x86
		{94857844-472D-4753-9F5F-32B8F7896470}.Arc10.1|x86.Build.0 = Arc10.1|x86
		{94857844-472D-4753-9F5F-32B8F7896470}.Arc10.2|Any CPU.ActiveCfg = Arc10.2|Any CPU
		{94857844-472D-4753-9F5F-32B8F7896470}.Arc10.2|Any CPU.Build.0 = Arc10.2|Any CPU
		{94857844-472D-4753-9F5F-32B8F7896470}.Arc10.2|x86.ActiveCfg = Arc10.2|x86
		{94857844-472D-4753-9F5F-32B8F7896470}.Arc10.2|x86.Build.0 = Arc10.2|x86
		{94857844-472D-4753-9F5F-32B8F7896470}.Arc10|Any CPU.ActiveCfg = Arc10|Any CPU
		{94857844-472D-4753-9F5F-32B8F7896470}.Arc10|Any CPU.Build.0 = Arc10|Any CPU
		{94857844-472D-4753-9F5F-32B8F7896470}.Arc10|x86.ActiveCfg = Arc10|x86
		{94857844-472D-4753-9F5F-32B8F7896470}.Arc10|x86.Build.0 = Arc10|x86
		{94857844-472D-4753-9F5F-32B8F7896470}.Arc9 (setup)|Any CPU.ActiveCfg = Arc9|Any CPU
		{94857844-472D-4753-9F5F-32B8F7896470}.Arc9 (setup)|Any CPU.Build.0 = Arc9|Any CPU
		{94857844-472D-4753-9F5F-32B8F7896470}.Arc9 (setup)|x86.ActiveCfg = Arc9|x86
		{94857844-472D-4753-9F5F-32B8F7896470}.Arc9 (setup)|x86.Build.0 = Arc9|x86
		{94857844-472D-4753-9F5F-32B8F7896470}.Arc9|Any CPU.ActiveCfg = Arc9|Any CPU
		{94857844-472D-4753-9F5F-32B8F7896470}.Arc9|Any CPU.Build.0 = Arc9|Any CPU
		{94857844-472D-4753-9F5F-32B8F7896470}.Arc9|x86.ActiveCfg = Arc9|x86
		{94857844-472D-4753-9F5F-32B8F7896470}.Arc9|x86.Build.0 = Arc9|x86
		{94857844-472D-4753-9F5F-32B8F7896470}.Debug|Any CPU.ActiveCfg = mydebug-Arc10|Any CPU
		{94857844-472D-4753-9F5F-32B8F7896470}.Debug|Any CPU.Build.0 = mydebug-Arc10|Any CPU
		{94857844-472D-4753-9F5F-32B8F7896470}.Debug|x86.ActiveCfg = Arc10.1|x86
		{94857844-472D-4753-9F5F-32B8F7896470}.Debug|x86.Build.0 = Arc10.1|x86
		{94857844-472D-4753-9F5F-32B8F7896470}.mydebug-Arc10|Any CPU.ActiveCfg = mydebug-Arc10|Any CPU
		{94857844-472D-4753-9F5F-32B8F7896470}.mydebug-Arc10|Any CPU.Build.0 = mydebug-Arc10|Any CPU
		{94857844-472D-4753-9F5F-32B8F7896470}.mydebug-Arc10|x86.ActiveCfg = mydebug-Arc10|x86
		{94857844-472D-4753-9F5F-32B8F7896470}.mydebug-Arc10|x86.Build.0 = mydebug-Arc10|x86
		{94857844-472D-4753-9F5F-32B8F7896470}.mydebug-Arc9|Any CPU.ActiveCfg = mydebug-Arc9|Any CPU
		{94857844-472D-4753-9F5F-32B8F7896470}.mydebug-Arc9|Any CPU.Build.0 = mydebug-Arc9|Any CPU
		{94857844-472D-4753-9F5F-32B8F7896470}.mydebug-Arc9|x86.ActiveCfg = mydebug-Arc9|x86
		{94857844-472D-4753-9F5F-32B8F7896470}.mydebug-Arc9|x86.Build.0 = mydebug-Arc9|x86
		{94857844-472D-4753-9F5F-32B8F7896470}.mydebugC-Arc10|Any CPU.ActiveCfg = mydebug-Arc10|Any CPU
		{94857844-472D-4753-9F5F-32B8F7896470}.mydebugC-Arc10|Any CPU.Build.0 = mydebug-Arc10|Any CPU
		{94857844-472D-4753-9F5F-32B8F7896470}.mydebugC-Arc10|x86.ActiveCfg = Arc10|x86
		{94857844-472D-4753-9F5F-32B8F7896470}.mydebugC-Arc10|x86.Build.0 = Arc10|x86
		{94857844-472D-4753-9F5F-32B8F7896470}.mydebugC-Arc9|Any CPU.ActiveCfg = mydebug-Arc9|Any CPU
		{94857844-472D-4753-9F5F-32B8F7896470}.mydebugC-Arc9|Any CPU.Build.0 = mydebug-Arc9|Any CPU
		{94857844-472D-4753-9F5F-32B8F7896470}.mydebugC-Arc9|x86.ActiveCfg = Arc9|x86
		{94857844-472D-4753-9F5F-32B8F7896470}.mydebugC-Arc9|x86.Build.0 = Arc9|x86
		{94857844-472D-4753-9F5F-32B8F7896470}.Release|Any CPU.ActiveCfg = Release|Any CPU
		{94857844-472D-4753-9F5F-32B8F7896470}.Release|Any CPU.Build.0 = Release|Any CPU
		{94857844-472D-4753-9F5F-32B8F7896470}.Release|x86.ActiveCfg = Arc10.1|x86
		{94857844-472D-4753-9F5F-32B8F7896470}.Release|x86.Build.0 = Arc10.1|x86
		{3571FD1C-C900-4771-902D-AADCB20BF245}.Arc10 (setup)|Any CPU.ActiveCfg = Release
		{3571FD1C-C900-4771-902D-AADCB20BF245}.Arc10 (setup)|x86.ActiveCfg = Release
		{3571FD1C-C900-4771-902D-AADCB20BF245}.Arc10.1|Any CPU.ActiveCfg = Release
		{3571FD1C-C900-4771-902D-AADCB20BF245}.Arc10.1|x86.ActiveCfg = Release
		{3571FD1C-C900-4771-902D-AADCB20BF245}.Arc10.2|Any CPU.ActiveCfg = Release
		{3571FD1C-C900-4771-902D-AADCB20BF245}.Arc10.2|x86.ActiveCfg = Release
		{3571FD1C-C900-4771-902D-AADCB20BF245}.Arc10|Any CPU.ActiveCfg = Release
		{3571FD1C-C900-4771-902D-AADCB20BF245}.Arc10|x86.ActiveCfg = Release
		{3571FD1C-C900-4771-902D-AADCB20BF245}.Arc9 (setup)|Any CPU.ActiveCfg = Release
		{3571FD1C-C900-4771-902D-AADCB20BF245}.Arc9 (setup)|x86.ActiveCfg = Release
		{3571FD1C-C900-4771-902D-AADCB20BF245}.Arc9|Any CPU.ActiveCfg = Release
		{3571FD1C-C900-4771-902D-AADCB20BF245}.Arc9|x86.ActiveCfg = Release
		{3571FD1C-C900-4771-902D-AADCB20BF245}.Debug|Any CPU.ActiveCfg = Debug
		{3571FD1C-C900-4771-902D-AADCB20BF245}.Debug|x86.ActiveCfg = Debug
		{3571FD1C-C900-4771-902D-AADCB20BF245}.mydebug-Arc10|Any CPU.ActiveCfg = Release
		{3571FD1C-C900-4771-902D-AADCB20BF245}.mydebug-Arc10|x86.ActiveCfg = Release
		{3571FD1C-C900-4771-902D-AADCB20BF245}.mydebug-Arc9|Any CPU.ActiveCfg = Release
		{3571FD1C-C900-4771-902D-AADCB20BF245}.mydebug-Arc9|x86.ActiveCfg = Release
		{3571FD1C-C900-4771-902D-AADCB20BF245}.mydebugC-Arc10|Any CPU.ActiveCfg = Release
		{3571FD1C-C900-4771-902D-AADCB20BF245}.mydebugC-Arc10|x86.ActiveCfg = Release
		{3571FD1C-C900-4771-902D-AADCB20BF245}.mydebugC-Arc9|Any CPU.ActiveCfg = Release
		{3571FD1C-C900-4771-902D-AADCB20BF245}.mydebugC-Arc9|x86.ActiveCfg = Release
		{3571FD1C-C900-4771-902D-AADCB20BF245}.Release|Any CPU.ActiveCfg = Release
		{3571FD1C-C900-4771-902D-AADCB20BF245}.Release|x86.ActiveCfg = Release
		{41F62B11-B86C-43AF-8E28-E3626F14FE0B}.Arc10 (setup)|Any CPU.ActiveCfg = Release
		{41F62B11-B86C-43AF-8E28-E3626F14FE0B}.Arc10 (setup)|x86.ActiveCfg = Release
		{41F62B11-B86C-43AF-8E28-E3626F14FE0B}.Arc10.1|Any CPU.ActiveCfg = Release
		{41F62B11-B86C-43AF-8E28-E3626F14FE0B}.Arc10.1|x86.ActiveCfg = Release
		{41F62B11-B86C-43AF-8E28-E3626F14FE0B}.Arc10.2|Any CPU.ActiveCfg = Release
		{41F62B11-B86C-43AF-8E28-E3626F14FE0B}.Arc10.2|x86.ActiveCfg = Release
		{41F62B11-B86C-43AF-8E28-E3626F14FE0B}.Arc10|Any CPU.ActiveCfg = Release
		{41F62B11-B86C-43AF-8E28-E3626F14FE0B}.Arc10|x86.ActiveCfg = Release
		{41F62B11-B86C-43AF-8E28-E3626F14FE0B}.Arc9 (setup)|Any CPU.ActiveCfg = Release
		{41F62B11-B86C-43AF-8E28-E3626F14FE0B}.Arc9 (setup)|x86.ActiveCfg = Release
		{41F62B11-B86C-43AF-8E28-E3626F14FE0B}.Arc9|Any CPU.ActiveCfg = Release
		{41F62B11-B86C-43AF-8E28-E3626F14FE0B}.Arc9|x86.ActiveCfg = Release
		{41F62B11-B86C-43AF-8E28-E3626F14FE0B}.Debug|Any CPU.ActiveCfg = Debug
		{41F62B11-B86C-43AF-8E28-E3626F14FE0B}.Debug|x86.ActiveCfg = Debug
		{41F62B11-B86C-43AF-8E28-E3626F14FE0B}.mydebug-Arc10|Any CPU.ActiveCfg = Release
		{41F62B11-B86C-43AF-8E28-E3626F14FE0B}.mydebug-Arc10|x86.ActiveCfg = Release
		{41F62B11-B86C-43AF-8E28-E3626F14FE0B}.mydebug-Arc9|Any CPU.ActiveCfg = Release
		{41F62B11-B86C-43AF-8E28-E3626F14FE0B}.mydebug-Arc9|x86.ActiveCfg = Release
		{41F62B11-B86C-43AF-8E28-E3626F14FE0B}.mydebugC-Arc10|Any CPU.ActiveCfg = Release
		{41F62B11-B86C-43AF-8E28-E3626F14FE0B}.mydebugC-Arc10|x86.ActiveCfg = Release
		{41F62B11-B86C-43AF-8E28-E3626F14FE0B}.mydebugC-Arc9|Any CPU.ActiveCfg = Release
		{41F62B11-B86C-43AF-8E28-E3626F14FE0B}.mydebugC-Arc9|x86.ActiveCfg = Release
		{41F62B11-B86C-43AF-8E28-E3626F14FE0B}.Release|Any CPU.ActiveCfg = Release
		{41F62B11-B86C-43AF-8E28-E3626F14FE0B}.Release|x86.ActiveCfg = Release
	EndGlobalSection
	GlobalSection(SolutionProperties) = preSolution
		HideSolutionNode = FALSE
	EndGlobalSection
	GlobalSection(NestedProjects) = preSolution
		{D8637D45-0292-4A03-A4DC-2CCF2529171C} = {ADB62148-C341-4941-AB19-5C2EA22E9EFD}
		{EED81E78-53CA-4EEE-9137-998B0C5B5D28} = {ADB62148-C341-4941-AB19-5C2EA22E9EFD}
	EndGlobalSection
	GlobalSection(ExtensibilityGlobals) = postSolution
		SolutionGuid = {42C0FA81-6A9E-4D47-9C01-B52325C513EB}
	EndGlobalSection
EndGlobal
